// !$*UTF8*$!
{
	archiveVersion = 1;
	classes = {
	};
	objectVersion = 50;
	objects = {

/* Begin PBXBuildFile section */
		47BA60982700E84700CB8059 /* AppDelegate.swift in Sources */ = {isa = PBXBuildFile; fileRef = 47BA60972700E84700CB8059 /* AppDelegate.swift */; };
		47BA609A2700E84700CB8059 /* SceneDelegate.swift in Sources */ = {isa = PBXBuildFile; fileRef = 47BA60992700E84700CB8059 /* SceneDelegate.swift */; };
		47BA609C2700E84700CB8059 /* ViewController.swift in Sources */ = {isa = PBXBuildFile; fileRef = 47BA609B2700E84700CB8059 /* ViewController.swift */; };
		47BA609F2700E84700CB8059 /* Main.storyboard in Resources */ = {isa = PBXBuildFile; fileRef = 47BA609D2700E84700CB8059 /* Main.storyboard */; };
		47BA60A12700E84B00CB8059 /* Assets.xcassets in Resources */ = {isa = PBXBuildFile; fileRef = 47BA60A02700E84B00CB8059 /* Assets.xcassets */; };
		47BA60A42700E84B00CB8059 /* LaunchScreen.storyboard in Resources */ = {isa = PBXBuildFile; fileRef = 47BA60A22700E84B00CB8059 /* LaunchScreen.storyboard */; };
		47BA60AC2700E9B700CB8059 /* CryptoTableViewCell.swift in Sources */ = {isa = PBXBuildFile; fileRef = 47BA60AB2700E9B700CB8059 /* CryptoTableViewCell.swift */; };
		47BA60B22700F36500CB8059 /* CryptoCurrency.swift in Sources */ = {isa = PBXBuildFile; fileRef = 47BA60B12700F36500CB8059 /* CryptoCurrency.swift */; };
		47BA60B42700F4A200CB8059 /* Webservice.swift in Sources */ = {isa = PBXBuildFile; fileRef = 47BA60B32700F4A200CB8059 /* Webservice.swift */; };
		47BA60B62700F8CF00CB8059 /* CryptoViewModel.swift in Sources */ = {isa = PBXBuildFile; fileRef = 47BA60B52700F8CF00CB8059 /* CryptoViewModel.swift */; };
/* End PBXBuildFile section */

/* Begin PBXFileReference section */
		47BA60942700E84700CB8059 /* CryptoCrazy.app */ = {isa = PBXFileReference; explicitFileType = wrapper.application; includeInIndex = 0; path = CryptoCrazy.app; sourceTree = BUILT_PRODUCTS_DIR; };
		47BA60972700E84700CB8059 /* AppDelegate.swift */ = {isa = PBXFileReference; lastKnownFileType = sourcecode.swift; path = AppDelegate.swift; sourceTree = "<group>"; };
		47BA60992700E84700CB8059 /* SceneDelegate.swift */ = {isa = PBXFileReference; lastKnownFileType = sourcecode.swift; path = SceneDelegate.swift; sourceTree = "<group>"; };
		47BA609B2700E84700CB8059 /* ViewController.swift */ = {isa = PBXFileReference; lastKnownFileType = sourcecode.swift; path = ViewController.swift; sourceTree = "<group>"; };
		47BA609E2700E84700CB8059 /* Base */ = {isa = PBXFileReference; lastKnownFileType = file.storyboard; name = Base; path = Base.lproj/Main.storyboard; sourceTree = "<group>"; };
		47BA60A02700E84B00CB8059 /* Assets.xcassets */ = {isa = PBXFileReference; lastKnownFileType = folder.assetcatalog; path = Assets.xcassets; sourceTree = "<group>"; };
		47BA60A32700E84B00CB8059 /* Base */ = {isa = PBXFileReference; lastKnownFileType = file.storyboard; name = Base; path = Base.lproj/LaunchScreen.storyboard; sourceTree = "<group>"; };
		47BA60A52700E84B00CB8059 /* Info.plist */ = {isa = PBXFileReference; lastKnownFileType = text.plist.xml; path = Info.plist; sourceTree = "<group>"; };
		47BA60AB2700E9B700CB8059 /* CryptoTableViewCell.swift */ = {isa = PBXFileReference; lastKnownFileType = sourcecode.swift; path = CryptoTableViewCell.swift; sourceTree = "<group>"; };
		47BA60B12700F36500CB8059 /* CryptoCurrency.swift */ = {isa = PBXFileReference; lastKnownFileType = sourcecode.swift; path = CryptoCurrency.swift; sourceTree = "<group>"; };
		47BA60B32700F4A200CB8059 /* Webservice.swift */ = {isa = PBXFileReference; lastKnownFileType = sourcecode.swift; path = Webservice.swift; sourceTree = "<group>"; };
		47BA60B52700F8CF00CB8059 /* CryptoViewModel.swift */ = {isa = PBXFileReference; lastKnownFileType = sourcecode.swift; path = CryptoViewModel.swift; sourceTree = "<group>"; };
/* End PBXFileReference section */

/* Begin PBXFrameworksBuildPhase section */
		47BA60912700E84700CB8059 /* Frameworks */ = {
			isa = PBXFrameworksBuildPhase;
			buildActionMask = 2147483647;
			files = (
			);
			runOnlyForDeploymentPostprocessing = 0;
		};
/* End PBXFrameworksBuildPhase section */

/* Begin PBXGroup section */
		47BA608B2700E84700CB8059 = {
			isa = PBXGroup;
			children = (
				47BA60962700E84700CB8059 /* CryptoCrazy */,
				47BA60952700E84700CB8059 /* Products */,
			);
			sourceTree = "<group>";
		};
		47BA60952700E84700CB8059 /* Products */ = {
			isa = PBXGroup;
			children = (
				47BA60942700E84700CB8059 /* CryptoCrazy.app */,
			);
			name = Products;
			sourceTree = "<group>";
		};
		47BA60962700E84700CB8059 /* CryptoCrazy */ = {
			isa = PBXGroup;
			children = (
				47BA60B02700F32B00CB8059 /* Service */,
				47BA60AF2700F32200CB8059 /* ViewModel */,
				47BA60AE2700F31A00CB8059 /* Model */,
				47BA60AD2700F30F00CB8059 /* View */,
				47BA609D2700E84700CB8059 /* Main.storyboard */,
				47BA60A02700E84B00CB8059 /* Assets.xcassets */,
				47BA60A22700E84B00CB8059 /* LaunchScreen.storyboard */,
				47BA60A52700E84B00CB8059 /* Info.plist */,
			);
			path = CryptoCrazy;
			sourceTree = "<group>";
		};
		47BA60AD2700F30F00CB8059 /* View */ = {
			isa = PBXGroup;
			children = (
				47BA60972700E84700CB8059 /* AppDelegate.swift */,
				47BA60992700E84700CB8059 /* SceneDelegate.swift */,
				47BA609B2700E84700CB8059 /* ViewController.swift */,
				47BA60AB2700E9B700CB8059 /* CryptoTableViewCell.swift */,
			);
			path = View;
			sourceTree = "<group>";
		};
		47BA60AE2700F31A00CB8059 /* Model */ = {
			isa = PBXGroup;
			children = (
				47BA60B12700F36500CB8059 /* CryptoCurrency.swift */,
			);
			path = Model;
			sourceTree = "<group>";
		};
		47BA60AF2700F32200CB8059 /* ViewModel */ = {
			isa = PBXGroup;
			children = (
				47BA60B52700F8CF00CB8059 /* CryptoViewModel.swift */,
			);
			path = ViewModel;
			sourceTree = "<group>";
		};
		47BA60B02700F32B00CB8059 /* Service */ = {
			isa = PBXGroup;
			children = (
				47BA60B32700F4A200CB8059 /* Webservice.swift */,
			);
			path = Service;
			sourceTree = "<group>";
		};
/* End PBXGroup section */

/* Begin PBXNativeTarget section */
		47BA60932700E84700CB8059 /* CryptoCrazy */ = {
			isa = PBXNativeTarget;
			buildConfigurationList = 47BA60A82700E84B00CB8059 /* Build configuration list for PBXNativeTarget "CryptoCrazy" */;
			buildPhases = (
				47BA60902700E84700CB8059 /* Sources */,
				47BA60912700E84700CB8059 /* Frameworks */,
				47BA60922700E84700CB8059 /* Resources */,
			);
			buildRules = (
			);
			dependencies = (
			);
			name = CryptoCrazy;
			productName = CryptoCrazy;
			productReference = 47BA60942700E84700CB8059 /* CryptoCrazy.app */;
			productType = "com.apple.product-type.application";
		};
/* End PBXNativeTarget section */

/* Begin PBXProject section */
		47BA608C2700E84700CB8059 /* Project object */ = {
			isa = PBXProject;
			attributes = {
				LastSwiftUpdateCheck = 1250;
				LastUpgradeCheck = 1250;
				TargetAttributes = {
					47BA60932700E84700CB8059 = {
						CreatedOnToolsVersion = 12.5.1;
					};
				};
			};
			buildConfigurationList = 47BA608F2700E84700CB8059 /* Build configuration list for PBXProject "CryptoCrazy" */;
			compatibilityVersion = "Xcode 9.3";
			developmentRegion = en;
			hasScannedForEncodings = 0;
			knownRegions = (
				en,
				Base,
			);
			mainGroup = 47BA608B2700E84700CB8059;
			productRefGroup = 47BA60952700E84700CB8059 /* Products */;
			projectDirPath = "";
			projectRoot = "";
			targets = (
				47BA60932700E84700CB8059 /* CryptoCrazy */,
			);
		};
/* End PBXProject section */

/* Begin PBXResourcesBuildPhase section */
		47BA60922700E84700CB8059 /* Resources */ = {
			isa = PBXResourcesBuildPhase;
			buildActionMask = 2147483647;
			files = (
				47BA60A42700E84B00CB8059 /* LaunchScreen.storyboard in Resources */,
				47BA60A12700E84B00CB8059 /* Assets.xcassets in Resources */,
				47BA609F2700E84700CB8059 /* Main.storyboard in Resources */,
			);
			runOnlyForDeploymentPostprocessing = 0;
		};
/* End PBXResourcesBuildPhase section */

/* Begin PBXSourcesBuildPhase section */
		47BA60902700E84700CB8059 /* Sources */ = {
			isa = PBXSourcesBuildPhase;
			buildActionMask = 2147483647;
			files = (
				47BA60AC2700E9B700CB8059 /* CryptoTableViewCell.swift in Sources */,
				47BA609C2700E84700CB8059 /* ViewController.swift in Sources */,
				47BA60B42700F4A200CB8059 /* Webservice.swift in Sources */,
				47BA60B62700F8CF00CB8059 /* CryptoViewModel.swift in Sources */,
				47BA60982700E84700CB8059 /* AppDelegate.swift in Sources */,
				47BA60B22700F36500CB8059 /* CryptoCurrency.swift in Sources */,
				47BA609A2700E84700CB8059 /* SceneDelegate.swift in Sources */,
			);
			runOnlyForDeploymentPostprocessing = 0;
		};
/* End PBXSourcesBuildPhase section */

/* Begin PBXVariantGroup section */
		47BA609D2700E84700CB8059 /* Main.storyboard */ = {
			isa = PBXVariantGroup;
			children = (
				47BA609E2700E84700CB8059 /* Base */,
			);
			name = Main.storyboard;
			sourceTree = "<group>";
		};
		47BA60A22700E84B00CB8059 /* LaunchScreen.storyboard */ = {
			isa = PBXVariantGroup;
			children = (
				47BA60A32700E84B00CB8059 /* Base */,
			);
			name = LaunchScreen.storyboard;
			sourceTree = "<group>";
		};
/* End PBXVariantGroup section */

/* Begin XCBuildConfiguration section */
		47BA60A62700E84B00CB8059 /* Debug */ = {
			isa = XCBuildConfiguration;
			buildSettings = {
				ALWAYS_SEARCH_USER_PATHS = NO;
				CLANG_ANALYZER_NONNULL = YES;
				CLANG_ANALYZER_NUMBER_OBJECT_CONVERSION = YES_AGGRESSIVE;
				CLANG_CXX_LANGUAGE_STANDARD = "gnu++14";
				CLANG_CXX_LIBRARY = "libc++";
				CLANG_ENABLE_MODULES = YES;
				CLANG_ENABLE_OBJC_ARC = YES;
				CLANG_ENABLE_OBJC_WEAK = YES;
				CLANG_WARN_BLOCK_CAPTURE_AUTORELEASING = YES;
				CLANG_WARN_BOOL_CONVERSION = YES;
				CLANG_WARN_COMMA = YES;
				CLANG_WARN_CONSTANT_CONVERSION = YES;
				CLANG_WARN_DEPRECATED_OBJC_IMPLEMENTATIONS = YES;
				CLANG_WARN_DIRECT_OBJC_ISA_USAGE = YES_ERROR;
				CLANG_WARN_DOCUMENTATION_COMMENTS = YES;
				CLANG_WARN_EMPTY_BODY = YES;
				CLANG_WARN_ENUM_CONVERSION = YES;
				CLANG_WARN_INFINITE_RECURSION = YES;
				CLANG_WARN_INT_CONVERSION = YES;
				CLANG_WARN_NON_LITERAL_NULL_CONVERSION = YES;
				CLANG_WARN_OBJC_IMPLICIT_RETAIN_SELF = YES;
				CLANG_WARN_OBJC_LITERAL_CONVERSION = YES;
				CLANG_WARN_OBJC_ROOT_CLASS = YES_ERROR;
				CLANG_WARN_QUOTED_INCLUDE_IN_FRAMEWORK_HEADER = YES;
				CLANG_WARN_RANGE_LOOP_ANALYSIS = YES;
				CLANG_WARN_STRICT_PROTOTYPES = YES;
				CLANG_WARN_SUSPICIOUS_MOVE = YES;
				CLANG_WARN_UNGUARDED_AVAILABILITY = YES_AGGRESSIVE;
				CLANG_WARN_UNREACHABLE_CODE = YES;
				CLANG_WARN__DUPLICATE_METHOD_MATCH = YES;
				COPY_PHASE_STRIP = NO;
				DEBUG_INFORMATION_FORMAT = dwarf;
				ENABLE_STRICT_OBJC_MSGSEND = YES;
				ENABLE_TESTABILITY = YES;
				GCC_C_LANGUAGE_STANDARD = gnu11;
				GCC_DYNAMIC_NO_PIC = NO;
				GCC_NO_COMMON_BLOCKS = YES;
				GCC_OPTIMIZATION_LEVEL = 0;
				GCC_PREPROCESSOR_DEFINITIONS = (
					"DEBUG=1",
					"$(inherited)",
				);
				GCC_WARN_64_TO_32_BIT_CONVERSION = YES;
				GCC_WARN_ABOUT_RETURN_TYPE = YES_ERROR;
				GCC_WARN_UNDECLARED_SELECTOR = YES;
				GCC_WARN_UNINITIALIZED_AUTOS = YES_AGGRESSIVE;
				GCC_WARN_UNUSED_FUNCTION = YES;
				GCC_WARN_UNUSED_VARIABLE = YES;
				IPHONEOS_DEPLOYMENT_TARGET = 14.5;
				MTL_ENABLE_DEBUG_INFO = INCLUDE_SOURCE;
				MTL_FAST_MATH = YES;
				ONLY_ACTIVE_ARCH = YES;
				SDKROOT = iphoneos;
				SWIFT_ACTIVE_COMPILATION_CONDITIONS = DEBUG;
				SWIFT_OPTIMIZATION_LEVEL = "-Onone";
			};
			name = Debug;
		};
		47BA60A72700E84B00CB8059 /* Release */ = {
			isa = XCBuildConfiguration;
			buildSettings = {
				ALWAYS_SEARCH_USER_PATHS = NO;
				CLANG_ANALYZER_NONNULL = YES;
				CLANG_ANALYZER_NUMBER_OBJECT_CONVERSION = YES_AGGRESSIVE;
				CLANG_CXX_LANGUAGE_STANDARD = "gnu++14";
				CLANG_CXX_LIBRARY = "libc++";
				CLANG_ENABLE_MODULES = YES;
				CLANG_ENABLE_OBJC_ARC = YES;
				CLANG_ENABLE_OBJC_WEAK = YES;
				CLANG_WARN_BLOCK_CAPTURE_AUTORELEASING = YES;
				CLANG_WARN_BOOL_CONVERSION = YES;
				CLANG_WARN_COMMA = YES;
				CLANG_WARN_CONSTANT_CONVERSION = YES;
				CLANG_WARN_DEPRECATED_OBJC_IMPLEMENTATIONS = YES;
				CLANG_WARN_DIRECT_OBJC_ISA_USAGE = YES_ERROR;
				CLANG_WARN_DOCUMENTATION_COMMENTS = YES;
				CLANG_WARN_EMPTY_BODY = YES;
				CLANG_WARN_ENUM_CONVERSION = YES;
				CLANG_WARN_INFINITE_RECURSION = YES;
				CLANG_WARN_INT_CONVERSION = YES;
				CLANG_WARN_NON_LITERAL_NULL_CONVERSION = YES;
				CLANG_WARN_OBJC_IMPLICIT_RETAIN_SELF = YES;
				CLANG_WARN_OBJC_LITERAL_CONVERSION = YES;
				CLANG_WARN_OBJC_ROOT_CLASS = YES_ERROR;
				CLANG_WARN_QUOTED_INCLUDE_IN_FRAMEWORK_HEADER = YES;
				CLANG_WARN_RANGE_LOOP_ANALYSIS = YES;
				CLANG_WARN_STRICT_PROTOTYPES = YES;
				CLANG_WARN_SUSPICIOUS_MOVE = YES;
				CLANG_WARN_UNGUARDED_AVAILABILITY = YES_AGGRESSIVE;
				CLANG_WARN_UNREACHABLE_CODE = YES;
				CLANG_WARN__DUPLICATE_METHOD_MATCH = YES;
				COPY_PHASE_STRIP = NO;
				DEBUG_INFORMATION_FORMAT = "dwarf-with-dsym";
				ENABLE_NS_ASSERTIONS = NO;
				ENABLE_STRICT_OBJC_MSGSEND = YES;
				GCC_C_LANGUAGE_STANDARD = gnu11;
				GCC_NO_COMMON_BLOCKS = YES;
				GCC_WARN_64_TO_32_BIT_CONVERSION = YES;
				GCC_WARN_ABOUT_RETURN_TYPE = YES_ERROR;
				GCC_WARN_UNDECLARED_SELECTOR = YES;
				GCC_WARN_UNINITIALIZED_AUTOS = YES_AGGRESSIVE;
				GCC_WARN_UNUSED_FUNCTION = YES;
				GCC_WARN_UNUSED_VARIABLE = YES;
				IPHONEOS_DEPLOYMENT_TARGET = 14.5;
				MTL_ENABLE_DEBUG_INFO = NO;
				MTL_FAST_MATH = YES;
				SDKROOT = iphoneos;
				SWIFT_COMPILATION_MODE = wholemodule;
				SWIFT_OPTIMIZATION_LEVEL = "-O";
				VALIDATE_PRODUCT = YES;
			};
			name = Release;
		};
		47BA60A92700E84B00CB8059 /* Debug */ = {
			isa = XCBuildConfiguration;
			buildSettings = {
				ASSETCATALOG_COMPILER_APPICON_NAME = AppIcon;
				ASSETCATALOG_COMPILER_GLOBAL_ACCENT_COLOR_NAME = AccentColor;
				CODE_SIGN_STYLE = Automatic;
				DEVELOPMENT_TEAM = VM33FHMWX5;
				INFOPLIST_FILE = CryptoCrazy/Info.plist;
				LD_RUNPATH_SEARCH_PATHS = (
					"$(inherited)",
					"@executable_path/Frameworks",
				);
				PRODUCT_BUNDLE_IDENTIFIER = com.yasemintok.CryptoCrazy;
				PRODUCT_NAME = "$(TARGET_NAME)";
				SWIFT_VERSION = 5.0;
				TARGETED_DEVICE_FAMILY = "1,2";
			};
			name = Debug;
		};
		47BA60AA2700E84B00CB8059 /* Release */ = {
			isa = XCBuildConfiguration;
			buildSettings = {
				ASSETCATALOG_COMPILER_APPICON_NAME = AppIcon;
				ASSETCATALOG_COMPILER_GLOBAL_ACCENT_COLOR_NAME = AccentColor;
				CODE_SIGN_STYLE = Automatic;
				DEVELOPMENT_TEAM = VM33FHMWX5;
				INFOPLIST_FILE = CryptoCrazy/Info.plist;
				LD_RUNPATH_SEARCH_PATHS = (
					"$(inherited)",
					"@executable_path/Frameworks",
				);
				PRODUCT_BUNDLE_IDENTIFIER = com.yasemintok.CryptoCrazy;
				PRODUCT_NAME = "$(TARGET_NAME)";
				SWIFT_VERSION = 5.0;
				TARGETED_DEVICE_FAMILY = "1,2";
			};
			name = Release;
		};
/* End XCBuildConfiguration section */

/* Begin XCConfigurationList section */
		47BA608F2700E84700CB8059 /* Build configuration list for PBXProject "CryptoCrazy" */ = {
			isa = XCConfigurationList;
			buildConfigurations = (
				47BA60A62700E84B00CB8059 /* Debug */,
				47BA60A72700E84B00CB8059 /* Release */,
			);
			defaultConfigurationIsVisible = 0;
			defaultConfigurationName = Release;
		};
		47BA60A82700E84B00CB8059 /* Build configuration list for PBXNativeTarget "CryptoCrazy" */ = {
			isa = XCConfigurationList;
			buildConfigurations = (
				47BA60A92700E84B00CB8059 /* Debug */,
				47BA60AA2700E84B00CB8059 /* Release */,
			);
			defaultConfigurationIsVisible = 0;
			defaultConfigurationName = Release;
		};
/* End XCConfigurationList section */
	};
	rootObject = 47BA608C2700E84700CB8059 /* Project object */;
}
