// !$*UTF8*$!
{
	archiveVersion = 1;
	classes = {
	};
	objectVersion = 50;
	objects = {

/* Begin PBXBuildFile section */
		4725BED226E6AD0600767552 /* AppDelegate.swift in Sources */ = {isa = PBXBuildFile; fileRef = 4725BED126E6AD0600767552 /* AppDelegate.swift */; };
		4725BED426E6AD0600767552 /* SceneDelegate.swift in Sources */ = {isa = PBXBuildFile; fileRef = 4725BED326E6AD0600767552 /* SceneDelegate.swift */; };
		4725BED626E6AD0600767552 /* ViewController.swift in Sources */ = {isa = PBXBuildFile; fileRef = 4725BED526E6AD0600767552 /* ViewController.swift */; };
		4725BED926E6AD0600767552 /* Main.storyboard in Resources */ = {isa = PBXBuildFile; fileRef = 4725BED726E6AD0600767552 /* Main.storyboard */; };
		4725BEDB26E6AD0A00767552 /* Assets.xcassets in Resources */ = {isa = PBXBuildFile; fileRef = 4725BEDA26E6AD0A00767552 /* Assets.xcassets */; };
		4725BEDE26E6AD0A00767552 /* LaunchScreen.storyboard in Resources */ = {isa = PBXBuildFile; fileRef = 4725BEDC26E6AD0A00767552 /* LaunchScreen.storyboard */; };
		4725BEE626E6AFF200767552 /* MobileNetV2.mlmodel in Sources */ = {isa = PBXBuildFile; fileRef = 4725BEE526E6AFF200767552 /* MobileNetV2.mlmodel */; };
/* End PBXBuildFile section */

/* Begin PBXFileReference section */
		4725BECE26E6AD0600767552 /* MachineLearningImageRecognition.app */ = {isa = PBXFileReference; explicitFileType = wrapper.application; includeInIndex = 0; path = MachineLearningImageRecognition.app; sourceTree = BUILT_PRODUCTS_DIR; };
		4725BED126E6AD0600767552 /* AppDelegate.swift */ = {isa = PBXFileReference; lastKnownFileType = sourcecode.swift; path = AppDelegate.swift; sourceTree = "<group>"; };
		4725BED326E6AD0600767552 /* SceneDelegate.swift */ = {isa = PBXFileReference; lastKnownFileType = sourcecode.swift; path = SceneDelegate.swift; sourceTree = "<group>"; };
		4725BED526E6AD0600767552 /* ViewController.swift */ = {isa = PBXFileReference; lastKnownFileType = sourcecode.swift; path = ViewController.swift; sourceTree = "<group>"; };
		4725BED826E6AD0600767552 /* Base */ = {isa = PBXFileReference; lastKnownFileType = file.storyboard; name = Base; path = Base.lproj/Main.storyboard; sourceTree = "<group>"; };
		4725BEDA26E6AD0A00767552 /* Assets.xcassets */ = {isa = PBXFileReference; lastKnownFileType = folder.assetcatalog; path = Assets.xcassets; sourceTree = "<group>"; };
		4725BEDD26E6AD0A00767552 /* Base */ = {isa = PBXFileReference; lastKnownFileType = file.storyboard; name = Base; path = Base.lproj/LaunchScreen.storyboard; sourceTree = "<group>"; };
		4725BEDF26E6AD0A00767552 /* Info.plist */ = {isa = PBXFileReference; lastKnownFileType = text.plist.xml; path = Info.plist; sourceTree = "<group>"; };
		4725BEE526E6AFF200767552 /* MobileNetV2.mlmodel */ = {isa = PBXFileReference; lastKnownFileType = file.mlmodel; path = MobileNetV2.mlmodel; sourceTree = "<group>"; };
/* End PBXFileReference section */

/* Begin PBXFrameworksBuildPhase section */
		4725BECB26E6AD0600767552 /* Frameworks */ = {
			isa = PBXFrameworksBuildPhase;
			buildActionMask = 2147483647;
			files = (
			);
			runOnlyForDeploymentPostprocessing = 0;
		};
/* End PBXFrameworksBuildPhase section */

/* Begin PBXGroup section */
		4725BEC526E6AD0600767552 = {
			isa = PBXGroup;
			children = (
				4725BED026E6AD0600767552 /* MachineLearningImageRecognition */,
				4725BECF26E6AD0600767552 /* Products */,
			);
			sourceTree = "<group>";
		};
		4725BECF26E6AD0600767552 /* Products */ = {
			isa = PBXGroup;
			children = (
				4725BECE26E6AD0600767552 /* MachineLearningImageRecognition.app */,
			);
			name = Products;
			sourceTree = "<group>";
		};
		4725BED026E6AD0600767552 /* MachineLearningImageRecognition */ = {
			isa = PBXGroup;
			children = (
				4725BED126E6AD0600767552 /* AppDelegate.swift */,
				4725BED326E6AD0600767552 /* SceneDelegate.swift */,
				4725BED526E6AD0600767552 /* ViewController.swift */,
				4725BED726E6AD0600767552 /* Main.storyboard */,
				4725BEDA26E6AD0A00767552 /* Assets.xcassets */,
				4725BEDC26E6AD0A00767552 /* LaunchScreen.storyboard */,
				4725BEDF26E6AD0A00767552 /* Info.plist */,
				4725BEE526E6AFF200767552 /* MobileNetV2.mlmodel */,
			);
			path = MachineLearningImageRecognition;
			sourceTree = "<group>";
		};
/* End PBXGroup section */

/* Begin PBXNativeTarget section */
		4725BECD26E6AD0600767552 /* MachineLearningImageRecognition */ = {
			isa = PBXNativeTarget;
			buildConfigurationList = 4725BEE226E6AD0A00767552 /* Build configuration list for PBXNativeTarget "MachineLearningImageRecognition" */;
			buildPhases = (
				4725BECA26E6AD0600767552 /* Sources */,
				4725BECB26E6AD0600767552 /* Frameworks */,
				4725BECC26E6AD0600767552 /* Resources */,
			);
			buildRules = (
			);
			dependencies = (
			);
			name = MachineLearningImageRecognition;
			productName = MachineLearningImageRecognition;
			productReference = 4725BECE26E6AD0600767552 /* MachineLearningImageRecognition.app */;
			productType = "com.apple.product-type.application";
		};
/* End PBXNativeTarget section */

/* Begin PBXProject section */
		4725BEC626E6AD0600767552 /* Project object */ = {
			isa = PBXProject;
			attributes = {
				LastSwiftUpdateCheck = 1250;
				LastUpgradeCheck = 1250;
				TargetAttributes = {
					4725BECD26E6AD0600767552 = {
						CreatedOnToolsVersion = 12.5.1;
					};
				};
			};
			buildConfigurationList = 4725BEC926E6AD0600767552 /* Build configuration list for PBXProject "MachineLearningImageRecognition" */;
			compatibilityVersion = "Xcode 9.3";
			developmentRegion = en;
			hasScannedForEncodings = 0;
			knownRegions = (
				en,
				Base,
			);
			mainGroup = 4725BEC526E6AD0600767552;
			productRefGroup = 4725BECF26E6AD0600767552 /* Products */;
			projectDirPath = "";
			projectRoot = "";
			targets = (
				4725BECD26E6AD0600767552 /* MachineLearningImageRecognition */,
			);
		};
/* End PBXProject section */

/* Begin PBXResourcesBuildPhase section */
		4725BECC26E6AD0600767552 /* Resources */ = {
			isa = PBXResourcesBuildPhase;
			buildActionMask = 2147483647;
			files = (
				4725BEDE26E6AD0A00767552 /* LaunchScreen.storyboard in Resources */,
				4725BEDB26E6AD0A00767552 /* Assets.xcassets in Resources */,
				4725BED926E6AD0600767552 /* Main.storyboard in Resources */,
			);
			runOnlyForDeploymentPostprocessing = 0;
		};
/* End PBXResourcesBuildPhase section */

/* Begin PBXSourcesBuildPhase section */
		4725BECA26E6AD0600767552 /* Sources */ = {
			isa = PBXSourcesBuildPhase;
			buildActionMask = 2147483647;
			files = (
				4725BED626E6AD0600767552 /* ViewController.swift in Sources */,
				4725BED226E6AD0600767552 /* AppDelegate.swift in Sources */,
				4725BEE626E6AFF200767552 /* MobileNetV2.mlmodel in Sources */,
				4725BED426E6AD0600767552 /* SceneDelegate.swift in Sources */,
			);
			runOnlyForDeploymentPostprocessing = 0;
		};
/* End PBXSourcesBuildPhase section */

/* Begin PBXVariantGroup section */
		4725BED726E6AD0600767552 /* Main.storyboard */ = {
			isa = PBXVariantGroup;
			children = (
				4725BED826E6AD0600767552 /* Base */,
			);
			name = Main.storyboard;
			sourceTree = "<group>";
		};
		4725BEDC26E6AD0A00767552 /* LaunchScreen.storyboard */ = {
			isa = PBXVariantGroup;
			children = (
				4725BEDD26E6AD0A00767552 /* Base */,
			);
			name = LaunchScreen.storyboard;
			sourceTree = "<group>";
		};
/* End PBXVariantGroup section */

/* Begin XCBuildConfiguration section */
		4725BEE026E6AD0A00767552 /* Debug */ = {
			isa = XCBuildConfiguration;
			buildSettings = {
				ALWAYS_SEARCH_USER_PATHS = NO;
				CLANG_ANALYZER_NONNULL = YES;
				CLANG_ANALYZER_NUMBER_OBJECT_CONVERSION = YES_AGGRESSIVE;
				CLANG_CXX_LANGUAGE_STANDARD = "gnu++14";
				CLANG_CXX_LIBRARY = "libc++";
				CLANG_ENABLE_MODULES = YES;
				CLANG_ENABLE_OBJC_ARC = YES;
				CLANG_ENABLE_OBJC_WEAK = YES;
				CLANG_WARN_BLOCK_CAPTURE_AUTORELEASING = YES;
				CLANG_WARN_BOOL_CONVERSION = YES;
				CLANG_WARN_COMMA = YES;
				CLANG_WARN_CONSTANT_CONVERSION = YES;
				CLANG_WARN_DEPRECATED_OBJC_IMPLEMENTATIONS = YES;
				CLANG_WARN_DIRECT_OBJC_ISA_USAGE = YES_ERROR;
				CLANG_WARN_DOCUMENTATION_COMMENTS = YES;
				CLANG_WARN_EMPTY_BODY = YES;
				CLANG_WARN_ENUM_CONVERSION = YES;
				CLANG_WARN_INFINITE_RECURSION = YES;
				CLANG_WARN_INT_CONVERSION = YES;
				CLANG_WARN_NON_LITERAL_NULL_CONVERSION = YES;
				CLANG_WARN_OBJC_IMPLICIT_RETAIN_SELF = YES;
				CLANG_WARN_OBJC_LITERAL_CONVERSION = YES;
				CLANG_WARN_OBJC_ROOT_CLASS = YES_ERROR;
				CLANG_WARN_QUOTED_INCLUDE_IN_FRAMEWORK_HEADER = YES;
				CLANG_WARN_RANGE_LOOP_ANALYSIS = YES;
				CLANG_WARN_STRICT_PROTOTYPES = YES;
				CLANG_WARN_SUSPICIOUS_MOVE = YES;
				CLANG_WARN_UNGUARDED_AVAILABILITY = YES_AGGRESSIVE;
				CLANG_WARN_UNREACHABLE_CODE = YES;
				CLANG_WARN__DUPLICATE_METHOD_MATCH = YES;
				COPY_PHASE_STRIP = NO;
				DEBUG_INFORMATION_FORMAT = dwarf;
				ENABLE_STRICT_OBJC_MSGSEND = YES;
				ENABLE_TESTABILITY = YES;
				GCC_C_LANGUAGE_STANDARD = gnu11;
				GCC_DYNAMIC_NO_PIC = NO;
				GCC_NO_COMMON_BLOCKS = YES;
				GCC_OPTIMIZATION_LEVEL = 0;
				GCC_PREPROCESSOR_DEFINITIONS = (
					"DEBUG=1",
					"$(inherited)",
				);
				GCC_WARN_64_TO_32_BIT_CONVERSION = YES;
				GCC_WARN_ABOUT_RETURN_TYPE = YES_ERROR;
				GCC_WARN_UNDECLARED_SELECTOR = YES;
				GCC_WARN_UNINITIALIZED_AUTOS = YES_AGGRESSIVE;
				GCC_WARN_UNUSED_FUNCTION = YES;
				GCC_WARN_UNUSED_VARIABLE = YES;
				IPHONEOS_DEPLOYMENT_TARGET = 14.5;
				MTL_ENABLE_DEBUG_INFO = INCLUDE_SOURCE;
				MTL_FAST_MATH = YES;
				ONLY_ACTIVE_ARCH = YES;
				SDKROOT = iphoneos;
				SWIFT_ACTIVE_COMPILATION_CONDITIONS = DEBUG;
				SWIFT_OPTIMIZATION_LEVEL = "-Onone";
			};
			name = Debug;
		};
		4725BEE126E6AD0A00767552 /* Release */ = {
			isa = XCBuildConfiguration;
			buildSettings = {
				ALWAYS_SEARCH_USER_PATHS = NO;
				CLANG_ANALYZER_NONNULL = YES;
				CLANG_ANALYZER_NUMBER_OBJECT_CONVERSION = YES_AGGRESSIVE;
				CLANG_CXX_LANGUAGE_STANDARD = "gnu++14";
				CLANG_CXX_LIBRARY = "libc++";
				CLANG_ENABLE_MODULES = YES;
				CLANG_ENABLE_OBJC_ARC = YES;
				CLANG_ENABLE_OBJC_WEAK = YES;
				CLANG_WARN_BLOCK_CAPTURE_AUTORELEASING = YES;
				CLANG_WARN_BOOL_CONVERSION = YES;
				CLANG_WARN_COMMA = YES;
				CLANG_WARN_CONSTANT_CONVERSION = YES;
				CLANG_WARN_DEPRECATED_OBJC_IMPLEMENTATIONS = YES;
				CLANG_WARN_DIRECT_OBJC_ISA_USAGE = YES_ERROR;
				CLANG_WARN_DOCUMENTATION_COMMENTS = YES;
				CLANG_WARN_EMPTY_BODY = YES;
				CLANG_WARN_ENUM_CONVERSION = YES;
				CLANG_WARN_INFINITE_RECURSION = YES;
				CLANG_WARN_INT_CONVERSION = YES;
				CLANG_WARN_NON_LITERAL_NULL_CONVERSION = YES;
				CLANG_WARN_OBJC_IMPLICIT_RETAIN_SELF = YES;
				CLANG_WARN_OBJC_LITERAL_CONVERSION = YES;
				CLANG_WARN_OBJC_ROOT_CLASS = YES_ERROR;
				CLANG_WARN_QUOTED_INCLUDE_IN_FRAMEWORK_HEADER = YES;
				CLANG_WARN_RANGE_LOOP_ANALYSIS = YES;
				CLANG_WARN_STRICT_PROTOTYPES = YES;
				CLANG_WARN_SUSPICIOUS_MOVE = YES;
				CLANG_WARN_UNGUARDED_AVAILABILITY = YES_AGGRESSIVE;
				CLANG_WARN_UNREACHABLE_CODE = YES;
				CLANG_WARN__DUPLICATE_METHOD_MATCH = YES;
				COPY_PHASE_STRIP = NO;
				DEBUG_INFORMATION_FORMAT = "dwarf-with-dsym";
				ENABLE_NS_ASSERTIONS = NO;
				ENABLE_STRICT_OBJC_MSGSEND = YES;
				GCC_C_LANGUAGE_STANDARD = gnu11;
				GCC_NO_COMMON_BLOCKS = YES;
				GCC_WARN_64_TO_32_BIT_CONVERSION = YES;
				GCC_WARN_ABOUT_RETURN_TYPE = YES_ERROR;
				GCC_WARN_UNDECLARED_SELECTOR = YES;
				GCC_WARN_UNINITIALIZED_AUTOS = YES_AGGRESSIVE;
				GCC_WARN_UNUSED_FUNCTION = YES;
				GCC_WARN_UNUSED_VARIABLE = YES;
				IPHONEOS_DEPLOYMENT_TARGET = 14.5;
				MTL_ENABLE_DEBUG_INFO = NO;
				MTL_FAST_MATH = YES;
				SDKROOT = iphoneos;
				SWIFT_COMPILATION_MODE = wholemodule;
				SWIFT_OPTIMIZATION_LEVEL = "-O";
				VALIDATE_PRODUCT = YES;
			};
			name = Release;
		};
		4725BEE326E6AD0A00767552 /* Debug */ = {
			isa = XCBuildConfiguration;
			buildSettings = {
				ASSETCATALOG_COMPILER_APPICON_NAME = AppIcon;
				ASSETCATALOG_COMPILER_GLOBAL_ACCENT_COLOR_NAME = AccentColor;
				CODE_SIGN_STYLE = Automatic;
				DEVELOPMENT_TEAM = VM33FHMWX5;
				INFOPLIST_FILE = MachineLearningImageRecognition/Info.plist;
				LD_RUNPATH_SEARCH_PATHS = (
					"$(inherited)",
					"@executable_path/Frameworks",
				);
				PRODUCT_BUNDLE_IDENTIFIER = com.yasemintok.MachineLearningImageRecognition;
				PRODUCT_NAME = "$(TARGET_NAME)";
				SWIFT_VERSION = 5.0;
				TARGETED_DEVICE_FAMILY = "1,2";
			};
			name = Debug;
		};
		4725BEE426E6AD0A00767552 /* Release */ = {
			isa = XCBuildConfiguration;
			buildSettings = {
				ASSETCATALOG_COMPILER_APPICON_NAME = AppIcon;
				ASSETCATALOG_COMPILER_GLOBAL_ACCENT_COLOR_NAME = AccentColor;
				CODE_SIGN_STYLE = Automatic;
				DEVELOPMENT_TEAM = VM33FHMWX5;
				INFOPLIST_FILE = MachineLearningImageRecognition/Info.plist;
				LD_RUNPATH_SEARCH_PATHS = (
					"$(inherited)",
					"@executable_path/Frameworks",
				);
				PRODUCT_BUNDLE_IDENTIFIER = com.yasemintok.MachineLearningImageRecognition;
				PRODUCT_NAME = "$(TARGET_NAME)";
				SWIFT_VERSION = 5.0;
				TARGETED_DEVICE_FAMILY = "1,2";
			};
			name = Release;
		};
/* End XCBuildConfiguration section */

/* Begin XCConfigurationList section */
		4725BEC926E6AD0600767552 /* Build configuration list for PBXProject "MachineLearningImageRecognition" */ = {
			isa = XCConfigurationList;
			buildConfigurations = (
				4725BEE026E6AD0A00767552 /* Debug */,
				4725BEE126E6AD0A00767552 /* Release */,
			);
			defaultConfigurationIsVisible = 0;
			defaultConfigurationName = Release;
		};
		4725BEE226E6AD0A00767552 /* Build configuration list for PBXNativeTarget "MachineLearningImageRecognition" */ = {
			isa = XCConfigurationList;
			buildConfigurations = (
				4725BEE326E6AD0A00767552 /* Debug */,
				4725BEE426E6AD0A00767552 /* Release */,
			);
			defaultConfigurationIsVisible = 0;
			defaultConfigurationName = Release;
		};
/* End XCConfigurationList section */
	};
	rootObject = 4725BEC626E6AD0600767552 /* Project object */;
}
