// !$*UTF8*$!
{
	archiveVersion = 1;
	classes = {
	};
	objectVersion = 52;
	objects = {

/* Begin PBXBuildFile section */
		474679642712CF2B001242F8 /* AppDelegate.swift in Sources */ = {isa = PBXBuildFile; fileRef = 474679632712CF2B001242F8 /* AppDelegate.swift */; };
		474679662712CF2B001242F8 /* SceneDelegate.swift in Sources */ = {isa = PBXBuildFile; fileRef = 474679652712CF2B001242F8 /* SceneDelegate.swift */; };
		474679682712CF2B001242F8 /* ViewController.swift in Sources */ = {isa = PBXBuildFile; fileRef = 474679672712CF2B001242F8 /* ViewController.swift */; };
		4746796B2712CF2B001242F8 /* Main.storyboard in Resources */ = {isa = PBXBuildFile; fileRef = 474679692712CF2B001242F8 /* Main.storyboard */; };
		4746796D2712CF2C001242F8 /* Assets.xcassets in Resources */ = {isa = PBXBuildFile; fileRef = 4746796C2712CF2C001242F8 /* Assets.xcassets */; };
		474679702712CF2C001242F8 /* LaunchScreen.storyboard in Resources */ = {isa = PBXBuildFile; fileRef = 4746796E2712CF2C001242F8 /* LaunchScreen.storyboard */; };
		4746797E2712D041001242F8 /* JsonPlaceHolderViewController.swift in Sources */ = {isa = PBXBuildFile; fileRef = 4746797C2712D041001242F8 /* JsonPlaceHolderViewController.swift */; };
		4746797F2712D041001242F8 /* JsonPlaceHolderViewController.xib in Resources */ = {isa = PBXBuildFile; fileRef = 4746797D2712D041001242F8 /* JsonPlaceHolderViewController.xib */; };
		4746798127135E59001242F8 /*  PostModel.swift in Sources */ = {isa = PBXBuildFile; fileRef = 4746798027135E59001242F8 /*  PostModel.swift */; };
		4746798427135F06001242F8 /* JsonTableView.swift in Sources */ = {isa = PBXBuildFile; fileRef = 4746798327135F06001242F8 /* JsonTableView.swift */; };
		4746798727136120001242F8 /* Alamofire in Frameworks */ = {isa = PBXBuildFile; productRef = 4746798627136120001242F8 /* Alamofire */; };
		47467989271361B3001242F8 /* JsonPlaceHolderService.swift in Sources */ = {isa = PBXBuildFile; fileRef = 47467988271361B3001242F8 /* JsonPlaceHolderService.swift */; };
/* End PBXBuildFile section */

/* Begin PBXFileReference section */
		474679602712CF2B001242F8 /* CleanJsonPlaceTableView.app */ = {isa = PBXFileReference; explicitFileType = wrapper.application; includeInIndex = 0; path = CleanJsonPlaceTableView.app; sourceTree = BUILT_PRODUCTS_DIR; };
		474679632712CF2B001242F8 /* AppDelegate.swift */ = {isa = PBXFileReference; lastKnownFileType = sourcecode.swift; path = AppDelegate.swift; sourceTree = "<group>"; };
		474679652712CF2B001242F8 /* SceneDelegate.swift */ = {isa = PBXFileReference; lastKnownFileType = sourcecode.swift; path = SceneDelegate.swift; sourceTree = "<group>"; };
		474679672712CF2B001242F8 /* ViewController.swift */ = {isa = PBXFileReference; lastKnownFileType = sourcecode.swift; path = ViewController.swift; sourceTree = "<group>"; };
		4746796A2712CF2B001242F8 /* Base */ = {isa = PBXFileReference; lastKnownFileType = file.storyboard; name = Base; path = Base.lproj/Main.storyboard; sourceTree = "<group>"; };
		4746796C2712CF2C001242F8 /* Assets.xcassets */ = {isa = PBXFileReference; lastKnownFileType = folder.assetcatalog; path = Assets.xcassets; sourceTree = "<group>"; };
		4746796F2712CF2C001242F8 /* Base */ = {isa = PBXFileReference; lastKnownFileType = file.storyboard; name = Base; path = Base.lproj/LaunchScreen.storyboard; sourceTree = "<group>"; };
		474679712712CF2C001242F8 /* Info.plist */ = {isa = PBXFileReference; lastKnownFileType = text.plist.xml; path = Info.plist; sourceTree = "<group>"; };
		4746797C2712D041001242F8 /* JsonPlaceHolderViewController.swift */ = {isa = PBXFileReference; lastKnownFileType = sourcecode.swift; path = JsonPlaceHolderViewController.swift; sourceTree = "<group>"; };
		4746797D2712D041001242F8 /* JsonPlaceHolderViewController.xib */ = {isa = PBXFileReference; lastKnownFileType = file.xib; path = JsonPlaceHolderViewController.xib; sourceTree = "<group>"; };
		4746798027135E59001242F8 /*  PostModel.swift */ = {isa = PBXFileReference; lastKnownFileType = sourcecode.swift; path = " PostModel.swift"; sourceTree = "<group>"; };
		4746798327135F06001242F8 /* JsonTableView.swift */ = {isa = PBXFileReference; lastKnownFileType = sourcecode.swift; path = JsonTableView.swift; sourceTree = "<group>"; };
		47467988271361B3001242F8 /* JsonPlaceHolderService.swift */ = {isa = PBXFileReference; lastKnownFileType = sourcecode.swift; path = JsonPlaceHolderService.swift; sourceTree = "<group>"; };
/* End PBXFileReference section */

/* Begin PBXFrameworksBuildPhase section */
		4746795D2712CF2B001242F8 /* Frameworks */ = {
			isa = PBXFrameworksBuildPhase;
			buildActionMask = 2147483647;
			files = (
				4746798727136120001242F8 /* Alamofire in Frameworks */,
			);
			runOnlyForDeploymentPostprocessing = 0;
		};
/* End PBXFrameworksBuildPhase section */

/* Begin PBXGroup section */
		474679572712CF2B001242F8 = {
			isa = PBXGroup;
			children = (
				474679622712CF2B001242F8 /* CleanJsonPlaceTableView */,
				474679612712CF2B001242F8 /* Products */,
			);
			sourceTree = "<group>";
		};
		474679612712CF2B001242F8 /* Products */ = {
			isa = PBXGroup;
			children = (
				474679602712CF2B001242F8 /* CleanJsonPlaceTableView.app */,
			);
			name = Products;
			sourceTree = "<group>";
		};
		474679622712CF2B001242F8 /* CleanJsonPlaceTableView */ = {
			isa = PBXGroup;
			children = (
				4746797B2712CFCD001242F8 /* Features */,
				474679772712CF44001242F8 /* Core */,
				4746796C2712CF2C001242F8 /* Assets.xcassets */,
				4746796E2712CF2C001242F8 /* LaunchScreen.storyboard */,
				474679712712CF2C001242F8 /* Info.plist */,
			);
			path = CleanJsonPlaceTableView;
			sourceTree = "<group>";
		};
		474679772712CF44001242F8 /* Core */ = {
			isa = PBXGroup;
			children = (
				474679692712CF2B001242F8 /* Main.storyboard */,
				474679632712CF2B001242F8 /* AppDelegate.swift */,
				474679672712CF2B001242F8 /* ViewController.swift */,
				474679652712CF2B001242F8 /* SceneDelegate.swift */,
			);
			path = Core;
			sourceTree = "<group>";
		};
		474679782712CF6E001242F8 /* View */ = {
			isa = PBXGroup;
			children = (
				4746798227135EBC001242F8 /* SubView */,
				4746797C2712D041001242F8 /* JsonPlaceHolderViewController.swift */,
				4746797D2712D041001242F8 /* JsonPlaceHolderViewController.xib */,
			);
			path = View;
			sourceTree = "<group>";
		};
		474679792712CF74001242F8 /* Service */ = {
			isa = PBXGroup;
			children = (
				47467988271361B3001242F8 /* JsonPlaceHolderService.swift */,
			);
			path = Service;
			sourceTree = "<group>";
		};
		4746797A2712CF7A001242F8 /* Model */ = {
			isa = PBXGroup;
			children = (
				4746798027135E59001242F8 /*  PostModel.swift */,
			);
			path = Model;
			sourceTree = "<group>";
		};
		4746797B2712CFCD001242F8 /* Features */ = {
			isa = PBXGroup;
			children = (
				4746797A2712CF7A001242F8 /* Model */,
				474679792712CF74001242F8 /* Service */,
				474679782712CF6E001242F8 /* View */,
			);
			path = Features;
			sourceTree = "<group>";
		};
		4746798227135EBC001242F8 /* SubView */ = {
			isa = PBXGroup;
			children = (
				4746798327135F06001242F8 /* JsonTableView.swift */,
			);
			path = SubView;
			sourceTree = "<group>";
		};
/* End PBXGroup section */

/* Begin PBXNativeTarget section */
		4746795F2712CF2B001242F8 /* CleanJsonPlaceTableView */ = {
			isa = PBXNativeTarget;
			buildConfigurationList = 474679742712CF2C001242F8 /* Build configuration list for PBXNativeTarget "CleanJsonPlaceTableView" */;
			buildPhases = (
				4746795C2712CF2B001242F8 /* Sources */,
				4746795D2712CF2B001242F8 /* Frameworks */,
				4746795E2712CF2B001242F8 /* Resources */,
			);
			buildRules = (
			);
			dependencies = (
			);
			name = CleanJsonPlaceTableView;
			packageProductDependencies = (
				4746798627136120001242F8 /* Alamofire */,
			);
			productName = CleanJsonPlaceTableView;
			productReference = 474679602712CF2B001242F8 /* CleanJsonPlaceTableView.app */;
			productType = "com.apple.product-type.application";
		};
/* End PBXNativeTarget section */

/* Begin PBXProject section */
		474679582712CF2B001242F8 /* Project object */ = {
			isa = PBXProject;
			attributes = {
				LastSwiftUpdateCheck = 1250;
				LastUpgradeCheck = 1250;
				TargetAttributes = {
					4746795F2712CF2B001242F8 = {
						CreatedOnToolsVersion = 12.5.1;
					};
				};
			};
			buildConfigurationList = 4746795B2712CF2B001242F8 /* Build configuration list for PBXProject "CleanJsonPlaceTableView" */;
			compatibilityVersion = "Xcode 9.3";
			developmentRegion = en;
			hasScannedForEncodings = 0;
			knownRegions = (
				en,
				Base,
			);
			mainGroup = 474679572712CF2B001242F8;
			packageReferences = (
				4746798527136120001242F8 /* XCRemoteSwiftPackageReference "Alamofire" */,
			);
			productRefGroup = 474679612712CF2B001242F8 /* Products */;
			projectDirPath = "";
			projectRoot = "";
			targets = (
				4746795F2712CF2B001242F8 /* CleanJsonPlaceTableView */,
			);
		};
/* End PBXProject section */

/* Begin PBXResourcesBuildPhase section */
		4746795E2712CF2B001242F8 /* Resources */ = {
			isa = PBXResourcesBuildPhase;
			buildActionMask = 2147483647;
			files = (
				474679702712CF2C001242F8 /* LaunchScreen.storyboard in Resources */,
				4746796D2712CF2C001242F8 /* Assets.xcassets in Resources */,
				4746797F2712D041001242F8 /* JsonPlaceHolderViewController.xib in Resources */,
				4746796B2712CF2B001242F8 /* Main.storyboard in Resources */,
			);
			runOnlyForDeploymentPostprocessing = 0;
		};
/* End PBXResourcesBuildPhase section */

/* Begin PBXSourcesBuildPhase section */
		4746795C2712CF2B001242F8 /* Sources */ = {
			isa = PBXSourcesBuildPhase;
			buildActionMask = 2147483647;
			files = (
				4746798127135E59001242F8 /*  PostModel.swift in Sources */,
				474679682712CF2B001242F8 /* ViewController.swift in Sources */,
				474679642712CF2B001242F8 /* AppDelegate.swift in Sources */,
				47467989271361B3001242F8 /* JsonPlaceHolderService.swift in Sources */,
				4746798427135F06001242F8 /* JsonTableView.swift in Sources */,
				4746797E2712D041001242F8 /* JsonPlaceHolderViewController.swift in Sources */,
				474679662712CF2B001242F8 /* SceneDelegate.swift in Sources */,
			);
			runOnlyForDeploymentPostprocessing = 0;
		};
/* End PBXSourcesBuildPhase section */

/* Begin PBXVariantGroup section */
		474679692712CF2B001242F8 /* Main.storyboard */ = {
			isa = PBXVariantGroup;
			children = (
				4746796A2712CF2B001242F8 /* Base */,
			);
			name = Main.storyboard;
			sourceTree = "<group>";
		};
		4746796E2712CF2C001242F8 /* LaunchScreen.storyboard */ = {
			isa = PBXVariantGroup;
			children = (
				4746796F2712CF2C001242F8 /* Base */,
			);
			name = LaunchScreen.storyboard;
			sourceTree = "<group>";
		};
/* End PBXVariantGroup section */

/* Begin XCBuildConfiguration section */
		474679722712CF2C001242F8 /* Debug */ = {
			isa = XCBuildConfiguration;
			buildSettings = {
				ALWAYS_SEARCH_USER_PATHS = NO;
				CLANG_ANALYZER_NONNULL = YES;
				CLANG_ANALYZER_NUMBER_OBJECT_CONVERSION = YES_AGGRESSIVE;
				CLANG_CXX_LANGUAGE_STANDARD = "gnu++14";
				CLANG_CXX_LIBRARY = "libc++";
				CLANG_ENABLE_MODULES = YES;
				CLANG_ENABLE_OBJC_ARC = YES;
				CLANG_ENABLE_OBJC_WEAK = YES;
				CLANG_WARN_BLOCK_CAPTURE_AUTORELEASING = YES;
				CLANG_WARN_BOOL_CONVERSION = YES;
				CLANG_WARN_COMMA = YES;
				CLANG_WARN_CONSTANT_CONVERSION = YES;
				CLANG_WARN_DEPRECATED_OBJC_IMPLEMENTATIONS = YES;
				CLANG_WARN_DIRECT_OBJC_ISA_USAGE = YES_ERROR;
				CLANG_WARN_DOCUMENTATION_COMMENTS = YES;
				CLANG_WARN_EMPTY_BODY = YES;
				CLANG_WARN_ENUM_CONVERSION = YES;
				CLANG_WARN_INFINITE_RECURSION = YES;
				CLANG_WARN_INT_CONVERSION = YES;
				CLANG_WARN_NON_LITERAL_NULL_CONVERSION = YES;
				CLANG_WARN_OBJC_IMPLICIT_RETAIN_SELF = YES;
				CLANG_WARN_OBJC_LITERAL_CONVERSION = YES;
				CLANG_WARN_OBJC_ROOT_CLASS = YES_ERROR;
				CLANG_WARN_QUOTED_INCLUDE_IN_FRAMEWORK_HEADER = YES;
				CLANG_WARN_RANGE_LOOP_ANALYSIS = YES;
				CLANG_WARN_STRICT_PROTOTYPES = YES;
				CLANG_WARN_SUSPICIOUS_MOVE = YES;
				CLANG_WARN_UNGUARDED_AVAILABILITY = YES_AGGRESSIVE;
				CLANG_WARN_UNREACHABLE_CODE = YES;
				CLANG_WARN__DUPLICATE_METHOD_MATCH = YES;
				COPY_PHASE_STRIP = NO;
				DEBUG_INFORMATION_FORMAT = dwarf;
				ENABLE_STRICT_OBJC_MSGSEND = YES;
				ENABLE_TESTABILITY = YES;
				GCC_C_LANGUAGE_STANDARD = gnu11;
				GCC_DYNAMIC_NO_PIC = NO;
				GCC_NO_COMMON_BLOCKS = YES;
				GCC_OPTIMIZATION_LEVEL = 0;
				GCC_PREPROCESSOR_DEFINITIONS = (
					"DEBUG=1",
					"$(inherited)",
				);
				GCC_WARN_64_TO_32_BIT_CONVERSION = YES;
				GCC_WARN_ABOUT_RETURN_TYPE = YES_ERROR;
				GCC_WARN_UNDECLARED_SELECTOR = YES;
				GCC_WARN_UNINITIALIZED_AUTOS = YES_AGGRESSIVE;
				GCC_WARN_UNUSED_FUNCTION = YES;
				GCC_WARN_UNUSED_VARIABLE = YES;
				IPHONEOS_DEPLOYMENT_TARGET = 14.5;
				MTL_ENABLE_DEBUG_INFO = INCLUDE_SOURCE;
				MTL_FAST_MATH = YES;
				ONLY_ACTIVE_ARCH = YES;
				SDKROOT = iphoneos;
				SWIFT_ACTIVE_COMPILATION_CONDITIONS = DEBUG;
				SWIFT_OPTIMIZATION_LEVEL = "-Onone";
			};
			name = Debug;
		};
		474679732712CF2C001242F8 /* Release */ = {
			isa = XCBuildConfiguration;
			buildSettings = {
				ALWAYS_SEARCH_USER_PATHS = NO;
				CLANG_ANALYZER_NONNULL = YES;
				CLANG_ANALYZER_NUMBER_OBJECT_CONVERSION = YES_AGGRESSIVE;
				CLANG_CXX_LANGUAGE_STANDARD = "gnu++14";
				CLANG_CXX_LIBRARY = "libc++";
				CLANG_ENABLE_MODULES = YES;
				CLANG_ENABLE_OBJC_ARC = YES;
				CLANG_ENABLE_OBJC_WEAK = YES;
				CLANG_WARN_BLOCK_CAPTURE_AUTORELEASING = YES;
				CLANG_WARN_BOOL_CONVERSION = YES;
				CLANG_WARN_COMMA = YES;
				CLANG_WARN_CONSTANT_CONVERSION = YES;
				CLANG_WARN_DEPRECATED_OBJC_IMPLEMENTATIONS = YES;
				CLANG_WARN_DIRECT_OBJC_ISA_USAGE = YES_ERROR;
				CLANG_WARN_DOCUMENTATION_COMMENTS = YES;
				CLANG_WARN_EMPTY_BODY = YES;
				CLANG_WARN_ENUM_CONVERSION = YES;
				CLANG_WARN_INFINITE_RECURSION = YES;
				CLANG_WARN_INT_CONVERSION = YES;
				CLANG_WARN_NON_LITERAL_NULL_CONVERSION = YES;
				CLANG_WARN_OBJC_IMPLICIT_RETAIN_SELF = YES;
				CLANG_WARN_OBJC_LITERAL_CONVERSION = YES;
				CLANG_WARN_OBJC_ROOT_CLASS = YES_ERROR;
				CLANG_WARN_QUOTED_INCLUDE_IN_FRAMEWORK_HEADER = YES;
				CLANG_WARN_RANGE_LOOP_ANALYSIS = YES;
				CLANG_WARN_STRICT_PROTOTYPES = YES;
				CLANG_WARN_SUSPICIOUS_MOVE = YES;
				CLANG_WARN_UNGUARDED_AVAILABILITY = YES_AGGRESSIVE;
				CLANG_WARN_UNREACHABLE_CODE = YES;
				CLANG_WARN__DUPLICATE_METHOD_MATCH = YES;
				COPY_PHASE_STRIP = NO;
				DEBUG_INFORMATION_FORMAT = "dwarf-with-dsym";
				ENABLE_NS_ASSERTIONS = NO;
				ENABLE_STRICT_OBJC_MSGSEND = YES;
				GCC_C_LANGUAGE_STANDARD = gnu11;
				GCC_NO_COMMON_BLOCKS = YES;
				GCC_WARN_64_TO_32_BIT_CONVERSION = YES;
				GCC_WARN_ABOUT_RETURN_TYPE = YES_ERROR;
				GCC_WARN_UNDECLARED_SELECTOR = YES;
				GCC_WARN_UNINITIALIZED_AUTOS = YES_AGGRESSIVE;
				GCC_WARN_UNUSED_FUNCTION = YES;
				GCC_WARN_UNUSED_VARIABLE = YES;
				IPHONEOS_DEPLOYMENT_TARGET = 14.5;
				MTL_ENABLE_DEBUG_INFO = NO;
				MTL_FAST_MATH = YES;
				SDKROOT = iphoneos;
				SWIFT_COMPILATION_MODE = wholemodule;
				SWIFT_OPTIMIZATION_LEVEL = "-O";
				VALIDATE_PRODUCT = YES;
			};
			name = Release;
		};
		474679752712CF2C001242F8 /* Debug */ = {
			isa = XCBuildConfiguration;
			buildSettings = {
				ASSETCATALOG_COMPILER_APPICON_NAME = AppIcon;
				ASSETCATALOG_COMPILER_GLOBAL_ACCENT_COLOR_NAME = AccentColor;
				CODE_SIGN_STYLE = Automatic;
				DEVELOPMENT_TEAM = VM33FHMWX5;
				INFOPLIST_FILE = CleanJsonPlaceTableView/Info.plist;
				LD_RUNPATH_SEARCH_PATHS = (
					"$(inherited)",
					"@executable_path/Frameworks",
				);
				PRODUCT_BUNDLE_IDENTIFIER = com.yasemintok.CleanJsonPlaceTableView;
				PRODUCT_NAME = "$(TARGET_NAME)";
				SWIFT_VERSION = 5.0;
				TARGETED_DEVICE_FAMILY = "1,2";
			};
			name = Debug;
		};
		474679762712CF2C001242F8 /* Release */ = {
			isa = XCBuildConfiguration;
			buildSettings = {
				ASSETCATALOG_COMPILER_APPICON_NAME = AppIcon;
				ASSETCATALOG_COMPILER_GLOBAL_ACCENT_COLOR_NAME = AccentColor;
				CODE_SIGN_STYLE = Automatic;
				DEVELOPMENT_TEAM = VM33FHMWX5;
				INFOPLIST_FILE = CleanJsonPlaceTableView/Info.plist;
				LD_RUNPATH_SEARCH_PATHS = (
					"$(inherited)",
					"@executable_path/Frameworks",
				);
				PRODUCT_BUNDLE_IDENTIFIER = com.yasemintok.CleanJsonPlaceTableView;
				PRODUCT_NAME = "$(TARGET_NAME)";
				SWIFT_VERSION = 5.0;
				TARGETED_DEVICE_FAMILY = "1,2";
			};
			name = Release;
		};
/* End XCBuildConfiguration section */

/* Begin XCConfigurationList section */
		4746795B2712CF2B001242F8 /* Build configuration list for PBXProject "CleanJsonPlaceTableView" */ = {
			isa = XCConfigurationList;
			buildConfigurations = (
				474679722712CF2C001242F8 /* Debug */,
				474679732712CF2C001242F8 /* Release */,
			);
			defaultConfigurationIsVisible = 0;
			defaultConfigurationName = Release;
		};
		474679742712CF2C001242F8 /* Build configuration list for PBXNativeTarget "CleanJsonPlaceTableView" */ = {
			isa = XCConfigurationList;
			buildConfigurations = (
				474679752712CF2C001242F8 /* Debug */,
				474679762712CF2C001242F8 /* Release */,
			);
			defaultConfigurationIsVisible = 0;
			defaultConfigurationName = Release;
		};
/* End XCConfigurationList section */

/* Begin XCRemoteSwiftPackageReference section */
		4746798527136120001242F8 /* XCRemoteSwiftPackageReference "Alamofire" */ = {
			isa = XCRemoteSwiftPackageReference;
			repositoryURL = "https://github.com/Alamofire/Alamofire.git";
			requirement = {
				kind = upToNextMajorVersion;
				minimumVersion = 5.4.4;
			};
		};
/* End XCRemoteSwiftPackageReference section */

/* Begin XCSwiftPackageProductDependency section */
		4746798627136120001242F8 /* Alamofire */ = {
			isa = XCSwiftPackageProductDependency;
			package = 4746798527136120001242F8 /* XCRemoteSwiftPackageReference "Alamofire" */;
			productName = Alamofire;
		};
/* End XCSwiftPackageProductDependency section */
	};
	rootObject = 474679582712CF2B001242F8 /* Project object */;
}
